
Microsoft Visual Studio Solution File, Format Version 12.00
# Visual Studio Version 17
VisualStudioVersion = 17.4.33213.308
MinimumVisualStudioVersion = 10.0.40219.1
Project("{FAE04EC0-301F-11D3-BF4B-00C04F79EFBC}") = "W2D3ToDoList", "W2D3ToDoList\W2D3ToDoList.csproj", "{ADF16A23-1B9A-4EAE-830B-C3C8A051DBA0}"
EndProject
Global
	GlobalSection(SolutionConfigurationPlatforms) = preSolution
		Debug|Any CPU = Debug|Any CPU
		Release|Any CPU = Release|Any CPU
	EndGlobalSection
	GlobalSection(ProjectConfigurationPlatforms) = postSolution
		{ADF16A23-1B9A-4EAE-830B-C3C8A051DBA0}.Debug|Any CPU.ActiveCfg = Debug|Any CPU
		{ADF16A23-1B9A-4EAE-830B-C3C8A051DBA0}.Debug|Any CPU.Build.0 = Debug|Any CPU
		{ADF16A23-1B9A-4EAE-830B-C3C8A051DBA0}.Release|Any CPU.ActiveCfg = Release|Any CPU
		{ADF16A23-1B9A-4EAE-830B-C3C8A051DBA0}.Release|Any CPU.Build.0 = Release|Any CPU
	EndGlobalSection
	GlobalSection(SolutionProperties) = preSolution
		HideSolutionNode = FALSE
	EndGlobalSection
	GlobalSection(ExtensibilityGlobals) = postSolution
		SolutionGuid = {4A526C12-F892-4D34-845C-96BC176E0EDF}
	EndGlobalSection
EndGlobal
